
Microsoft Visual Studio Solution File, Format Version 12.00
# Visual Studio 2017
Project("{FAE04EC0-301F-11D3-BF4B-00C04F79EFBC}") = "LabLeap", "LabLeap.csproj", "{2879317B-AB25-797A-4561-B9012EF2F1C0}"
EndProject
Project("{FAE04EC0-301F-11D3-BF4B-00C04F79EFBC}") = "LabLeap.Editor", "LabLeap.Editor.csproj", "{4085C0C4-AC48-1F77-39C3-2B3A78780581}"
EndProject
Global
	GlobalSection(SolutionConfigurationPlatforms) = preSolution
		Debug|Any CPU = Debug|Any CPU
		Release|Any CPU = Release|Any CPU
	EndGlobalSection
	GlobalSection(ProjectConfigurationPlatforms) = postSolution
		{2879317B-AB25-797A-4561-B9012EF2F1C0}.Debug|Any CPU.ActiveCfg = Debug|Any CPU
		{2879317B-AB25-797A-4561-B9012EF2F1C0}.Debug|Any CPU.Build.0 = Debug|Any CPU
		{2879317B-AB25-797A-4561-B9012EF2F1C0}.Release|Any CPU.ActiveCfg = Release|Any CPU
		{2879317B-AB25-797A-4561-B9012EF2F1C0}.Release|Any CPU.Build.0 = Release|Any CPU
		{4085C0C4-AC48-1F77-39C3-2B3A78780581}.Debug|Any CPU.ActiveCfg = Debug|Any CPU
		{4085C0C4-AC48-1F77-39C3-2B3A78780581}.Debug|Any CPU.Build.0 = Debug|Any CPU
		{4085C0C4-AC48-1F77-39C3-2B3A78780581}.Release|Any CPU.ActiveCfg = Release|Any CPU
		{4085C0C4-AC48-1F77-39C3-2B3A78780581}.Release|Any CPU.Build.0 = Release|Any CPU
	EndGlobalSection
	GlobalSection(SolutionProperties) = preSolution
		HideSolutionNode = FALSE
	EndGlobalSection
EndGlobal
